
Microsoft Visual Studio Solution File, Format Version 12.00
# Visual Studio Version 17
VisualStudioVersion = 17.9.34701.34
MinimumVisualStudioVersion = 10.0.40219.1
Project("{FAE04EC0-301F-11D3-BF4B-00C04F79EFBC}") = "4aprel", "4aprel\4aprel.csproj", "{5646D8EB-7F39-462C-832B-647AB36548E8}"
EndProject
Global
	GlobalSection(SolutionConfigurationPlatforms) = preSolution
		Debug|Any CPU = Debug|Any CPU
		Release|Any CPU = Release|Any CPU
	EndGlobalSection
	GlobalSection(ProjectConfigurationPlatforms) = postSolution
		{5646D8EB-7F39-462C-832B-647AB36548E8}.Debug|Any CPU.ActiveCfg = Debug|Any CPU
		{5646D8EB-7F39-462C-832B-647AB36548E8}.Debug|Any CPU.Build.0 = Debug|Any CPU
		{5646D8EB-7F39-462C-832B-647AB36548E8}.Release|Any CPU.ActiveCfg = Release|Any CPU
		{5646D8EB-7F39-462C-832B-647AB36548E8}.Release|Any CPU.Build.0 = Release|Any CPU
	EndGlobalSection
	GlobalSection(SolutionProperties) = preSolution
		HideSolutionNode = FALSE
	EndGlobalSection
	GlobalSection(ExtensibilityGlobals) = postSolution
		SolutionGuid = {26FCAD4E-A03D-4410-8C53-4E047BA3125C}
	EndGlobalSection
EndGlobal
